
Microsoft Visual Studio Solution File, Format Version 12.00
# Visual Studio Version 17
VisualStudioVersion = 17.0.31903.59
MinimumVisualStudioVersion = 10.0.40219.1
Project("{2150E333-8FDC-42A3-9474-1A3956D46DE8}") = "src", "src", "{C11DBE5C-B87A-4CB6-BC23-67BD48D74AE3}"
EndProject
Project("{FAE04EC0-301F-11D3-BF4B-00C04F79EFBC}") = "Anduin.SleepAgent.WebServer", "src\Anduin.SleepAgent.WebServer\Anduin.SleepAgent.WebServer.csproj", "{6E6B7690-D537-4795-BDEB-FA853239897C}"
EndProject
Global
	GlobalSection(SolutionConfigurationPlatforms) = preSolution
		Debug|Any CPU = Debug|Any CPU
		Release|Any CPU = Release|Any CPU
	EndGlobalSection
	GlobalSection(SolutionProperties) = preSolution
		HideSolutionNode = FALSE
	EndGlobalSection
	GlobalSection(NestedProjects) = preSolution
		{6E6B7690-D537-4795-BDEB-FA853239897C} = {C11DBE5C-B87A-4CB6-BC23-67BD48D74AE3}
	EndGlobalSection
	GlobalSection(ProjectConfigurationPlatforms) = postSolution
		{6E6B7690-D537-4795-BDEB-FA853239897C}.Debug|Any CPU.ActiveCfg = Debug|Any CPU
		{6E6B7690-D537-4795-BDEB-FA853239897C}.Debug|Any CPU.Build.0 = Debug|Any CPU
		{6E6B7690-D537-4795-BDEB-FA853239897C}.Release|Any CPU.ActiveCfg = Release|Any CPU
		{6E6B7690-D537-4795-BDEB-FA853239897C}.Release|Any CPU.Build.0 = Release|Any CPU
	EndGlobalSection
EndGlobal
