{
  "name": "fetch",
  "version": "1.0.0",
  "lockfileVersion": 3,
  "requires": true,
  "packages": {
    "": {
      "name": "fetch",
      "version": "1.0.0",
      "license": "ISC",
      "dependencies": {
        "@zeppos/zml": "^0.0.23"
      },
      "devDependencies": {
        "@zeppos/device-types": "^3.0.0"
      }
    },
    "node_modules/@zeppos/device-types": {
      "version": "3.0.0",
      "resolved": "https://npm.aiursoft.cn/@zeppos/device-types/-/device-types-3.0.0.tgz",
      "integrity": "sha512-vFd880TxkAaSO2QmLBFIzS0zUXnwRDXlM4FZTdpOgotKpshokOwSTtzIeysf3TIMFSh/wFdbGkkYrUyRxR9w8Q==",
      "dev": true,
      "license": "ISC"
    },
    "node_modules/@zeppos/zml": {
      "version": "0.0.23",
      "resolved": "https://npm.aiursoft.cn/@zeppos/zml/-/zml-0.0.23.tgz",
      "integrity": "sha512-yyJ0PBBRvG+UkZWcb55RPmmskUo98vvuOOw/Juglo23jICKV0Z+WUTDBcq4Bcg8OfwcJJsUo680DWT8MeUpxiA==",
      "license": "Apache-2.0"
    }
  }
}
